// !$*UTF8*$!
{
	archiveVersion = 1;
	classes = {
	};
	objectVersion = 46;
	objects = {

/* Begin PBXBuildFile section */
		7073FD571B1489C9006F2692 /* LZMembersCell.framework in Frameworks */ = {isa = PBXBuildFile; fileRef = 7073FD4B1B1489C9006F2692 /* LZMembersCell.framework */; };
		7073FD5E1B1489C9006F2692 /* LZMembersCellTests.m in Sources */ = {isa = PBXBuildFile; fileRef = 7073FD5D1B1489C9006F2692 /* LZMembersCellTests.m */; };
		7073FD6F1B148A0F006F2692 /* LZMember.h in Headers */ = {isa = PBXBuildFile; fileRef = 7073FD691B148A0F006F2692 /* LZMember.h */; settings = {ATTRIBUTES = (Public, ); }; };
		7073FD701B148A0F006F2692 /* LZMember.m in Sources */ = {isa = PBXBuildFile; fileRef = 7073FD6A1B148A0F006F2692 /* LZMember.m */; };
		7073FD711B148A0F006F2692 /* LZMembersCell.h in Headers */ = {isa = PBXBuildFile; fileRef = 7073FD6B1B148A0F006F2692 /* LZMembersCell.h */; settings = {ATTRIBUTES = (Public, ); }; };
		7073FD721B148A0F006F2692 /* LZMembersCell.m in Sources */ = {isa = PBXBuildFile; fileRef = 7073FD6C1B148A0F006F2692 /* LZMembersCell.m */; };
		7073FD731B148A0F006F2692 /* LZMembersSubCell.h in Headers */ = {isa = PBXBuildFile; fileRef = 7073FD6D1B148A0F006F2692 /* LZMembersSubCell.h */; settings = {ATTRIBUTES = (Public, ); }; };
		7073FD741B148A0F006F2692 /* LZMembersSubCell.m in Sources */ = {isa = PBXBuildFile; fileRef = 7073FD6E1B148A0F006F2692 /* LZMembersSubCell.m */; };
/* End PBXBuildFile section */

/* Begin PBXContainerItemProxy section */
		7073FD581B1489C9006F2692 /* PBXContainerItemProxy */ = {
			isa = PBXContainerItemProxy;
			containerPortal = 7073FD421B1489C9006F2692 /* Project object */;
			proxyType = 1;
			remoteGlobalIDString = 7073FD4A1B1489C9006F2692;
			remoteInfo = LZMembersCell;
		};
/* End PBXContainerItemProxy section */

/* Begin PBXFileReference section */
		7073FD4B1B1489C9006F2692 /* LZMembersCell.framework */ = {isa = PBXFileReference; explicitFileType = wrapper.framework; includeInIndex = 0; path = LZMembersCell.framework; sourceTree = BUILT_PRODUCTS_DIR; };
		7073FD4F1B1489C9006F2692 /* Info.plist */ = {isa = PBXFileReference; lastKnownFileType = text.plist.xml; path = Info.plist; sourceTree = "<group>"; };
		7073FD561B1489C9006F2692 /* LZMembersCellTests.xctest */ = {isa = PBXFileReference; explicitFileType = wrapper.cfbundle; includeInIndex = 0; path = LZMembersCellTests.xctest; sourceTree = BUILT_PRODUCTS_DIR; };
		7073FD5C1B1489C9006F2692 /* Info.plist */ = {isa = PBXFileReference; lastKnownFileType = text.plist.xml; path = Info.plist; sourceTree = "<group>"; };
		7073FD5D1B1489C9006F2692 /* LZMembersCellTests.m */ = {isa = PBXFileReference; lastKnownFileType = sourcecode.c.objc; path = LZMembersCellTests.m; sourceTree = "<group>"; };
		7073FD691B148A0F006F2692 /* LZMember.h */ = {isa = PBXFileReference; fileEncoding = 4; lastKnownFileType = sourcecode.c.h; path = LZMember.h; sourceTree = "<group>"; };
		7073FD6A1B148A0F006F2692 /* LZMember.m */ = {isa = PBXFileReference; fileEncoding = 4; lastKnownFileType = sourcecode.c.objc; path = LZMember.m; sourceTree = "<group>"; };
		7073FD6B1B148A0F006F2692 /* LZMembersCell.h */ = {isa = PBXFileReference; fileEncoding = 4; lastKnownFileType = sourcecode.c.h; path = LZMembersCell.h; sourceTree = "<group>"; };
		7073FD6C1B148A0F006F2692 /* LZMembersCell.m */ = {isa = PBXFileReference; fileEncoding = 4; lastKnownFileType = sourcecode.c.objc; path = LZMembersCell.m; sourceTree = "<group>"; };
		7073FD6D1B148A0F006F2692 /* LZMembersSubCell.h */ = {isa = PBXFileReference; fileEncoding = 4; lastKnownFileType = sourcecode.c.h; path = LZMembersSubCell.h; sourceTree = "<group>"; };
		7073FD6E1B148A0F006F2692 /* LZMembersSubCell.m */ = {isa = PBXFileReference; fileEncoding = 4; lastKnownFileType = sourcecode.c.objc; path = LZMembersSubCell.m; sourceTree = "<group>"; };
/* End PBXFileReference section */

/* Begin PBXFrameworksBuildPhase section */
		7073FD471B1489C9006F2692 /* Frameworks */ = {
			isa = PBXFrameworksBuildPhase;
			buildActionMask = 2147483647;
			files = (
			);
			runOnlyForDeploymentPostprocessing = 0;
		};
		7073FD531B1489C9006F2692 /* Frameworks */ = {
			isa = PBXFrameworksBuildPhase;
			buildActionMask = 2147483647;
			files = (
				7073FD571B1489C9006F2692 /* LZMembersCell.framework in Frameworks */,
			);
			runOnlyForDeploymentPostprocessing = 0;
		};
/* End PBXFrameworksBuildPhase section */

/* Begin PBXGroup section */
		7073FD411B1489C9006F2692 = {
			isa = PBXGroup;
			children = (
				7073FD4D1B1489C9006F2692 /* LZMembersCell */,
				7073FD5A1B1489C9006F2692 /* LZMembersCellTests */,
				7073FD4C1B1489C9006F2692 /* Products */,
			);
			sourceTree = "<group>";
		};
		7073FD4C1B1489C9006F2692 /* Products */ = {
			isa = PBXGroup;
			children = (
				7073FD4B1B1489C9006F2692 /* LZMembersCell.framework */,
				7073FD561B1489C9006F2692 /* LZMembersCellTests.xctest */,
			);
			name = Products;
			sourceTree = "<group>";
		};
		7073FD4D1B1489C9006F2692 /* LZMembersCell */ = {
			isa = PBXGroup;
			children = (
				7073FD681B148A0F006F2692 /* Classes */,
				7073FD4E1B1489C9006F2692 /* Supporting Files */,
			);
			path = LZMembersCell;
			sourceTree = "<group>";
		};
		7073FD4E1B1489C9006F2692 /* Supporting Files */ = {
			isa = PBXGroup;
			children = (
				7073FD4F1B1489C9006F2692 /* Info.plist */,
			);
			name = "Supporting Files";
			sourceTree = "<group>";
		};
		7073FD5A1B1489C9006F2692 /* LZMembersCellTests */ = {
			isa = PBXGroup;
			children = (
				7073FD5D1B1489C9006F2692 /* LZMembersCellTests.m */,
				7073FD5B1B1489C9006F2692 /* Supporting Files */,
			);
			path = LZMembersCellTests;
			sourceTree = "<group>";
		};
		7073FD5B1B1489C9006F2692 /* Supporting Files */ = {
			isa = PBXGroup;
			children = (
				7073FD5C1B1489C9006F2692 /* Info.plist */,
			);
			name = "Supporting Files";
			sourceTree = "<group>";
		};
		7073FD681B148A0F006F2692 /* Classes */ = {
			isa = PBXGroup;
			children = (
				7073FD691B148A0F006F2692 /* LZMember.h */,
				7073FD6A1B148A0F006F2692 /* LZMember.m */,
				7073FD6B1B148A0F006F2692 /* LZMembersCell.h */,
				7073FD6C1B148A0F006F2692 /* LZMembersCell.m */,
				7073FD6D1B148A0F006F2692 /* LZMembersSubCell.h */,
				7073FD6E1B148A0F006F2692 /* LZMembersSubCell.m */,
			);
			path = Classes;
			sourceTree = "<group>";
		};
/* End PBXGroup section */

/* Begin PBXHeadersBuildPhase section */
		7073FD481B1489C9006F2692 /* Headers */ = {
			isa = PBXHeadersBuildPhase;
			buildActionMask = 2147483647;
			files = (
				7073FD731B148A0F006F2692 /* LZMembersSubCell.h in Headers */,
				7073FD711B148A0F006F2692 /* LZMembersCell.h in Headers */,
				7073FD6F1B148A0F006F2692 /* LZMember.h in Headers */,
			);
			runOnlyForDeploymentPostprocessing = 0;
		};
/* End PBXHeadersBuildPhase section */

/* Begin PBXNativeTarget section */
		7073FD4A1B1489C9006F2692 /* LZMembersCell */ = {
			isa = PBXNativeTarget;
			buildConfigurationList = 7073FD611B1489C9006F2692 /* Build configuration list for PBXNativeTarget "LZMembersCell" */;
			buildPhases = (
				7073FD461B1489C9006F2692 /* Sources */,
				7073FD471B1489C9006F2692 /* Frameworks */,
				7073FD481B1489C9006F2692 /* Headers */,
				7073FD491B1489C9006F2692 /* Resources */,
			);
			buildRules = (
			);
			dependencies = (
			);
			name = LZMembersCell;
			productName = LZMembersCell;
			productReference = 7073FD4B1B1489C9006F2692 /* LZMembersCell.framework */;
			productType = "com.apple.product-type.framework";
		};
		7073FD551B1489C9006F2692 /* LZMembersCellTests */ = {
			isa = PBXNativeTarget;
			buildConfigurationList = 7073FD641B1489C9006F2692 /* Build configuration list for PBXNativeTarget "LZMembersCellTests" */;
			buildPhases = (
				7073FD521B1489C9006F2692 /* Sources */,
				7073FD531B1489C9006F2692 /* Frameworks */,
				7073FD541B1489C9006F2692 /* Resources */,
			);
			buildRules = (
			);
			dependencies = (
				7073FD591B1489C9006F2692 /* PBXTargetDependency */,
			);
			name = LZMembersCellTests;
			productName = LZMembersCellTests;
			productReference = 7073FD561B1489C9006F2692 /* LZMembersCellTests.xctest */;
			productType = "com.apple.product-type.bundle.unit-test";
		};
/* End PBXNativeTarget section */

/* Begin PBXProject section */
		7073FD421B1489C9006F2692 /* Project object */ = {
			isa = PBXProject;
			attributes = {
				LastUpgradeCheck = 0630;
				ORGANIZATIONNAME = "lzwjava QQ: 651142978";
				TargetAttributes = {
					7073FD4A1B1489C9006F2692 = {
						CreatedOnToolsVersion = 6.3.1;
					};
					7073FD551B1489C9006F2692 = {
						CreatedOnToolsVersion = 6.3.1;
					};
				};
			};
			buildConfigurationList = 7073FD451B1489C9006F2692 /* Build configuration list for PBXProject "LZMembersCell" */;
			compatibilityVersion = "Xcode 3.2";
			developmentRegion = English;
			hasScannedForEncodings = 0;
			knownRegions = (
				en,
			);
			mainGroup = 7073FD411B1489C9006F2692;
			productRefGroup = 7073FD4C1B1489C9006F2692 /* Products */;
			projectDirPath = "";
			projectRoot = "";
			targets = (
				7073FD4A1B1489C9006F2692 /* LZMembersCell */,
				7073FD551B1489C9006F2692 /* LZMembersCellTests */,
			);
		};
/* End PBXProject section */

/* Begin PBXResourcesBuildPhase section */
		7073FD491B1489C9006F2692 /* Resources */ = {
			isa = PBXResourcesBuildPhase;
			buildActionMask = 2147483647;
			files = (
			);
			runOnlyForDeploymentPostprocessing = 0;
		};
		7073FD541B1489C9006F2692 /* Resources */ = {
			isa = PBXResourcesBuildPhase;
			buildActionMask = 2147483647;
			files = (
			);
			runOnlyForDeploymentPostprocessing = 0;
		};
/* End PBXResourcesBuildPhase section */

/* Begin PBXSourcesBuildPhase section */
		7073FD461B1489C9006F2692 /* Sources */ = {
			isa = PBXSourcesBuildPhase;
			buildActionMask = 2147483647;
			files = (
				7073FD701B148A0F006F2692 /* LZMember.m in Sources */,
				7073FD741B148A0F006F2692 /* LZMembersSubCell.m in Sources */,
				7073FD721B148A0F006F2692 /* LZMembersCell.m in Sources */,
			);
			runOnlyForDeploymentPostprocessing = 0;
		};
		7073FD521B1489C9006F2692 /* Sources */ = {
			isa = PBXSourcesBuildPhase;
			buildActionMask = 2147483647;
			files = (
				7073FD5E1B1489C9006F2692 /* LZMembersCellTests.m in Sources */,
			);
			runOnlyForDeploymentPostprocessing = 0;
		};
/* End PBXSourcesBuildPhase section */

/* Begin PBXTargetDependency section */
		7073FD591B1489C9006F2692 /* PBXTargetDependency */ = {
			isa = PBXTargetDependency;
			target = 7073FD4A1B1489C9006F2692 /* LZMembersCell */;
			targetProxy = 7073FD581B1489C9006F2692 /* PBXContainerItemProxy */;
		};
/* End PBXTargetDependency section */

/* Begin XCBuildConfiguration section */
		7073FD5F1B1489C9006F2692 /* Debug */ = {
			isa = XCBuildConfiguration;
			buildSettings = {
				ALWAYS_SEARCH_USER_PATHS = NO;
				CLANG_CXX_LANGUAGE_STANDARD = "gnu++0x";
				CLANG_CXX_LIBRARY = "libc++";
				CLANG_ENABLE_MODULES = YES;
				CLANG_ENABLE_OBJC_ARC = YES;
				CLANG_WARN_BOOL_CONVERSION = YES;
				CLANG_WARN_CONSTANT_CONVERSION = YES;
				CLANG_WARN_DIRECT_OBJC_ISA_USAGE = YES_ERROR;
				CLANG_WARN_EMPTY_BODY = YES;
				CLANG_WARN_ENUM_CONVERSION = YES;
				CLANG_WARN_INT_CONVERSION = YES;
				CLANG_WARN_OBJC_ROOT_CLASS = YES_ERROR;
				CLANG_WARN_UNREACHABLE_CODE = YES;
				CLANG_WARN__DUPLICATE_METHOD_MATCH = YES;
				"CODE_SIGN_IDENTITY[sdk=iphoneos*]" = "iPhone Developer";
				COPY_PHASE_STRIP = NO;
				CURRENT_PROJECT_VERSION = 1;
				DEBUG_INFORMATION_FORMAT = "dwarf-with-dsym";
				ENABLE_STRICT_OBJC_MSGSEND = YES;
				GCC_C_LANGUAGE_STANDARD = gnu99;
				GCC_DYNAMIC_NO_PIC = NO;
				GCC_NO_COMMON_BLOCKS = YES;
				GCC_OPTIMIZATION_LEVEL = 0;
				GCC_PREPROCESSOR_DEFINITIONS = (
					"DEBUG=1",
					"$(inherited)",
				);
				GCC_SYMBOLS_PRIVATE_EXTERN = NO;
				GCC_WARN_64_TO_32_BIT_CONVERSION = YES;
				GCC_WARN_ABOUT_RETURN_TYPE = YES_ERROR;
				GCC_WARN_UNDECLARED_SELECTOR = YES;
				GCC_WARN_UNINITIALIZED_AUTOS = YES_AGGRESSIVE;
				GCC_WARN_UNUSED_FUNCTION = YES;
				GCC_WARN_UNUSED_VARIABLE = YES;
				IPHONEOS_DEPLOYMENT_TARGET = 8.3;
				MTL_ENABLE_DEBUG_INFO = YES;
				ONLY_ACTIVE_ARCH = YES;
				SDKROOT = iphoneos;
				TARGETED_DEVICE_FAMILY = "1,2";
				VERSIONING_SYSTEM = "apple-generic";
				VERSION_INFO_PREFIX = "";
			};
			name = Debug;
		};
		7073FD601B1489C9006F2692 /* Release */ = {
			isa = XCBuildConfiguration;
			buildSettings = {
				ALWAYS_SEARCH_USER_PATHS = NO;
				CLANG_CXX_LANGUAGE_STANDARD = "gnu++0x";
				CLANG_CXX_LIBRARY = "libc++";
				CLANG_ENABLE_MODULES = YES;
				CLANG_ENABLE_OBJC_ARC = YES;
				CLANG_WARN_BOOL_CONVERSION = YES;
				CLANG_WARN_CONSTANT_CONVERSION = YES;
				CLANG_WARN_DIRECT_OBJC_ISA_USAGE = YES_ERROR;
				CLANG_WARN_EMPTY_BODY = YES;
				CLANG_WARN_ENUM_CONVERSION = YES;
				CLANG_WARN_INT_CONVERSION = YES;
				CLANG_WARN_OBJC_ROOT_CLASS = YES_ERROR;
				CLANG_WARN_UNREACHABLE_CODE = YES;
				CLANG_WARN__DUPLICATE_METHOD_MATCH = YES;
				"CODE_SIGN_IDENTITY[sdk=iphoneos*]" = "iPhone Developer";
				COPY_PHASE_STRIP = NO;
				CURRENT_PROJECT_VERSION = 1;
				DEBUG_INFORMATION_FORMAT = "dwarf-with-dsym";
				ENABLE_NS_ASSERTIONS = NO;
				ENABLE_STRICT_OBJC_MSGSEND = YES;
				GCC_C_LANGUAGE_STANDARD = gnu99;
				GCC_NO_COMMON_BLOCKS = YES;
				GCC_WARN_64_TO_32_BIT_CONVERSION = YES;
				GCC_WARN_ABOUT_RETURN_TYPE = YES_ERROR;
				GCC_WARN_UNDECLARED_SELECTOR = YES;
				GCC_WARN_UNINITIALIZED_AUTOS = YES_AGGRESSIVE;
				GCC_WARN_UNUSED_FUNCTION = YES;
				GCC_WARN_UNUSED_VARIABLE = YES;
				IPHONEOS_DEPLOYMENT_TARGET = 8.3;
				MTL_ENABLE_DEBUG_INFO = NO;
				SDKROOT = iphoneos;
				TARGETED_DEVICE_FAMILY = "1,2";
				VALIDATE_PRODUCT = YES;
				VERSIONING_SYSTEM = "apple-generic";
				VERSION_INFO_PREFIX = "";
			};
			name = Release;
		};
		7073FD621B1489C9006F2692 /* Debug */ = {
			isa = XCBuildConfiguration;
			buildSettings = {
				DEFINES_MODULE = YES;
				DYLIB_COMPATIBILITY_VERSION = 1;
				DYLIB_CURRENT_VERSION = 1;
				DYLIB_INSTALL_NAME_BASE = "@rpath";
				INFOPLIST_FILE = LZMembersCell/Info.plist;
				INSTALL_PATH = "$(LOCAL_LIBRARY_DIR)/Frameworks";
				LD_RUNPATH_SEARCH_PATHS = "$(inherited) @executable_path/Frameworks @loader_path/Frameworks";
				PRODUCT_NAME = "$(TARGET_NAME)";
				SKIP_INSTALL = YES;
			};
			name = Debug;
		};
		7073FD631B1489C9006F2692 /* Release */ = {
			isa = XCBuildConfiguration;
			buildSettings = {
				DEFINES_MODULE = YES;
				DYLIB_COMPATIBILITY_VERSION = 1;
				DYLIB_CURRENT_VERSION = 1;
				DYLIB_INSTALL_NAME_BASE = "@rpath";
				INFOPLIST_FILE = LZMembersCell/Info.plist;
				INSTALL_PATH = "$(LOCAL_LIBRARY_DIR)/Frameworks";
				LD_RUNPATH_SEARCH_PATHS = "$(inherited) @executable_path/Frameworks @loader_path/Frameworks";
				PRODUCT_NAME = "$(TARGET_NAME)";
				SKIP_INSTALL = YES;
			};
			name = Release;
		};
		7073FD651B1489C9006F2692 /* Debug */ = {
			isa = XCBuildConfiguration;
			buildSettings = {
				FRAMEWORK_SEARCH_PATHS = (
					"$(SDKROOT)/Developer/Library/Frameworks",
					"$(inherited)",
				);
				GCC_PREPROCESSOR_DEFINITIONS = (
					"DEBUG=1",
					"$(inherited)",
				);
				INFOPLIST_FILE = LZMembersCellTests/Info.plist;
				LD_RUNPATH_SEARCH_PATHS = "$(inherited) @executable_path/Frameworks @loader_path/Frameworks";
				PRODUCT_NAME = "$(TARGET_NAME)";
			};
			name = Debug;
		};
		7073FD661B1489C9006F2692 /* Release */ = {
			isa = XCBuildConfiguration;
			buildSettings = {
				FRAMEWORK_SEARCH_PATHS = (
					"$(SDKROOT)/Developer/Library/Frameworks",
					"$(inherited)",
				);
				INFOPLIST_FILE = LZMembersCellTests/Info.plist;
				LD_RUNPATH_SEARCH_PATHS = "$(inherited) @executable_path/Frameworks @loader_path/Frameworks";
				PRODUCT_NAME = "$(TARGET_NAME)";
			};
			name = Release;
		};
/* End XCBuildConfiguration section */

/* Begin XCConfigurationList section */
		7073FD451B1489C9006F2692 /* Build configuration list for PBXProject "LZMembersCell" */ = {
			isa = XCConfigurationList;
			buildConfigurations = (
				7073FD5F1B1489C9006F2692 /* Debug */,
				7073FD601B1489C9006F2692 /* Release */,
			);
			defaultConfigurationIsVisible = 0;
			defaultConfigurationName = Release;
		};
		7073FD611B1489C9006F2692 /* Build configuration list for PBXNativeTarget "LZMembersCell" */ = {
			isa = XCConfigurationList;
			buildConfigurations = (
				7073FD621B1489C9006F2692 /* Debug */,
				7073FD631B1489C9006F2692 /* Release */,
			);
			defaultConfigurationIsVisible = 0;
		};
		7073FD641B1489C9006F2692 /* Build configuration list for PBXNativeTarget "LZMembersCellTests" */ = {
			isa = XCConfigurationList;
			buildConfigurations = (
				7073FD651B1489C9006F2692 /* Debug */,
				7073FD661B1489C9006F2692 /* Release */,
			);
			defaultConfigurationIsVisible = 0;
		};
/* End XCConfigurationList section */
	};
	rootObject = 7073FD421B1489C9006F2692 /* Project object */;
}
